{"SurveyEntry":{"SurveyID":"SV_a9U7QXFFYQuoGbj","SurveyName":"Fully populated","SurveyDescription":null,"SurveyOwnerID":"UR_b70Rfr5F3l9U2TX","SurveyBrandID":"ucf","DivisionID":"DV_eWNEZ2QOTsVmHOZ","SurveyLanguage":"EN","SurveyActiveResponseSet":"RS_agBVzeSelkzxQZ7","SurveyStatus":"Inactive","SurveyStartDate":"0000-00-00 00:00:00","SurveyExpirationDate":"0000-00-00 00:00:00","SurveyCreationDate":"2016-10-31 07:26:29","CreatorID":"UR_b70Rfr5F3l9U2TX","LastModified":"2016-10-31 08:14:48","LastAccessed":"0000-00-00 00:00:00","LastActivated":"0000-00-00 00:00:00","Deleted":null},"SurveyElements":[]}